
Microsoft Visual Studio Solution File, Format Version 12.00
# Visual Studio 14
VisualStudioVersion = 14.0.24720.0
MinimumVisualStudioVersion = 10.0.40219.1
Project("{FAE04EC0-301F-11D3-BF4B-00C04F79EFBC}") = "MessageApp.Test", "MessageApp.Test\MessageApp.Test.csproj", "{7E649134-DF74-4EB9-B887-5812AE4120E7}"
EndProject
Project("{FAE04EC0-301F-11D3-BF4B-00C04F79EFBC}") = "MessageApp.Console", "MessageApp.Console\MessageApp.Console.csproj", "{1D862016-3939-40D6-8039-082F84A005EB}"
EndProject
Project("{FAE04EC0-301F-11D3-BF4B-00C04F79EFBC}") = "MessageApp.MVC", "MessageApp.MVC\MessageApp.MVC.csproj", "{352D4E1B-51FC-4D26-96BB-0845DDAA0CBD}"
EndProject
Project("{FAE04EC0-301F-11D3-BF4B-00C04F79EFBC}") = "MessageApp.Domain", "MessageApp.Domain\MessageApp.Domain.csproj", "{CEBB9F45-12BE-43FE-98BC-E69023F99C77}"
EndProject
Global
	GlobalSection(SolutionConfigurationPlatforms) = preSolution
		Debug|Any CPU = Debug|Any CPU
		Release|Any CPU = Release|Any CPU
	EndGlobalSection
	GlobalSection(ProjectConfigurationPlatforms) = postSolution
		{7E649134-DF74-4EB9-B887-5812AE4120E7}.Debug|Any CPU.ActiveCfg = Debug|Any CPU
		{7E649134-DF74-4EB9-B887-5812AE4120E7}.Debug|Any CPU.Build.0 = Debug|Any CPU
		{7E649134-DF74-4EB9-B887-5812AE4120E7}.Release|Any CPU.ActiveCfg = Release|Any CPU
		{7E649134-DF74-4EB9-B887-5812AE4120E7}.Release|Any CPU.Build.0 = Release|Any CPU
		{1D862016-3939-40D6-8039-082F84A005EB}.Debug|Any CPU.ActiveCfg = Debug|Any CPU
		{1D862016-3939-40D6-8039-082F84A005EB}.Debug|Any CPU.Build.0 = Debug|Any CPU
		{1D862016-3939-40D6-8039-082F84A005EB}.Release|Any CPU.ActiveCfg = Release|Any CPU
		{1D862016-3939-40D6-8039-082F84A005EB}.Release|Any CPU.Build.0 = Release|Any CPU
		{352D4E1B-51FC-4D26-96BB-0845DDAA0CBD}.Debug|Any CPU.ActiveCfg = Debug|Any CPU
		{352D4E1B-51FC-4D26-96BB-0845DDAA0CBD}.Debug|Any CPU.Build.0 = Debug|Any CPU
		{352D4E1B-51FC-4D26-96BB-0845DDAA0CBD}.Release|Any CPU.ActiveCfg = Release|Any CPU
		{352D4E1B-51FC-4D26-96BB-0845DDAA0CBD}.Release|Any CPU.Build.0 = Release|Any CPU
		{CEBB9F45-12BE-43FE-98BC-E69023F99C77}.Debug|Any CPU.ActiveCfg = Debug|Any CPU
		{CEBB9F45-12BE-43FE-98BC-E69023F99C77}.Debug|Any CPU.Build.0 = Debug|Any CPU
		{CEBB9F45-12BE-43FE-98BC-E69023F99C77}.Release|Any CPU.ActiveCfg = Release|Any CPU
		{CEBB9F45-12BE-43FE-98BC-E69023F99C77}.Release|Any CPU.Build.0 = Release|Any CPU
	EndGlobalSection
	GlobalSection(SolutionProperties) = preSolution
		HideSolutionNode = FALSE
	EndGlobalSection
EndGlobal
